
Microsoft Visual Studio Solution File, Format Version 12.00
Project("{FAE04EC0-301F-11D3-BF4B-00C04F79EFBC}") = "Kapatko", "Kapatko\Kapatko.csproj", "{BEB46014-C6DE-4C49-9B45-E8862C541A4C}"
EndProject
Global
	GlobalSection(SolutionConfigurationPlatforms) = preSolution
		Debug|Any CPU = Debug|Any CPU
		Release|Any CPU = Release|Any CPU
	EndGlobalSection
	GlobalSection(ProjectConfigurationPlatforms) = postSolution
		{BEB46014-C6DE-4C49-9B45-E8862C541A4C}.Debug|Any CPU.ActiveCfg = Debug|Any CPU
		{BEB46014-C6DE-4C49-9B45-E8862C541A4C}.Debug|Any CPU.Build.0 = Debug|Any CPU
		{BEB46014-C6DE-4C49-9B45-E8862C541A4C}.Release|Any CPU.ActiveCfg = Release|Any CPU
		{BEB46014-C6DE-4C49-9B45-E8862C541A4C}.Release|Any CPU.Build.0 = Release|Any CPU
	EndGlobalSection
EndGlobal
